// !$*UTF8*$!
{
	archiveVersion = 1;
	classes = {
	};
	objectVersion = 46;
	objects = {

/* Begin PBXBuildFile section */
		16289B631A745F8000DF5847 /* AddressBook.framework in Frameworks */ = {isa = PBXBuildFile; fileRef = 16289B621A745F8000DF5847 /* AddressBook.framework */; };
		16289B651A745F8700DF5847 /* AddressBookUI.framework in Frameworks */ = {isa = PBXBuildFile; fileRef = 16289B641A745F8700DF5847 /* AddressBookUI.framework */; };
		2B7014D544CC6EA20B97EB9B /* libPods.a in Frameworks */ = {isa = PBXBuildFile; fileRef = 4767BCE0CA619072E63D3BD3 /* libPods.a */; };
		EB1003091A748AFC00361A75 /* Common.m in Sources */ = {isa = PBXBuildFile; fileRef = EB1003081A748AFC00361A75 /* Common.m */; };
		EB10030C1A74962D00361A75 /* MainViewController.m in Sources */ = {isa = PBXBuildFile; fileRef = EB10030B1A74962D00361A75 /* MainViewController.m */; };
		EB1003101A74AAD400361A75 /* UILabel+WhiteUIDatePickerLabels.m in Sources */ = {isa = PBXBuildFile; fileRef = EB10030F1A74AAD400361A75 /* UILabel+WhiteUIDatePickerLabels.m */; };
		EB1003131A74C48F00361A75 /* TripViewController.m in Sources */ = {isa = PBXBuildFile; fileRef = EB1003121A74C48F00361A75 /* TripViewController.m */; };
		EB1067F11A74467B00BA4E5B /* main.m in Sources */ = {isa = PBXBuildFile; fileRef = EB1067F01A74467B00BA4E5B /* main.m */; };
		EB1067F41A74467B00BA4E5B /* AppDelegate.m in Sources */ = {isa = PBXBuildFile; fileRef = EB1067F31A74467B00BA4E5B /* AppDelegate.m */; };
		EB1067FA1A74467B00BA4E5B /* Main.storyboard in Resources */ = {isa = PBXBuildFile; fileRef = EB1067F81A74467B00BA4E5B /* Main.storyboard */; };
		EB1067FC1A74467B00BA4E5B /* Images.xcassets in Resources */ = {isa = PBXBuildFile; fileRef = EB1067FB1A74467B00BA4E5B /* Images.xcassets */; };
		EB1067FF1A74467B00BA4E5B /* LaunchScreen.xib in Resources */ = {isa = PBXBuildFile; fileRef = EB1067FD1A74467B00BA4E5B /* LaunchScreen.xib */; };
		EB10680B1A74467B00BA4E5B /* TransponderTests.m in Sources */ = {isa = PBXBuildFile; fileRef = EB10680A1A74467B00BA4E5B /* TransponderTests.m */; };
		EB7343EF1A7511CA00C99B2C /* LoadingViewController.m in Sources */ = {isa = PBXBuildFile; fileRef = EB7343EE1A7511CA00C99B2C /* LoadingViewController.m */; };
		EBF071761A74506400BE70E5 /* PhoneViewController.m in Sources */ = {isa = PBXBuildFile; fileRef = EBF071751A74506400BE70E5 /* PhoneViewController.m */; };
		EBF071791A74755700BE70E5 /* DoneViewController.m in Sources */ = {isa = PBXBuildFile; fileRef = EBF071781A74755700BE70E5 /* DoneViewController.m */; };
		EBF0717F1A747BE200BE70E5 /* ContactsViewController.m in Sources */ = {isa = PBXBuildFile; fileRef = EBF0717E1A747BE200BE70E5 /* ContactsViewController.m */; };
/* End PBXBuildFile section */

/* Begin PBXContainerItemProxy section */
		EB1068051A74467B00BA4E5B /* PBXContainerItemProxy */ = {
			isa = PBXContainerItemProxy;
			containerPortal = EB1067E31A74467B00BA4E5B /* Project object */;
			proxyType = 1;
			remoteGlobalIDString = EB1067EA1A74467B00BA4E5B;
			remoteInfo = Transponder;
		};
/* End PBXContainerItemProxy section */

/* Begin PBXFileReference section */
		16289B621A745F8000DF5847 /* AddressBook.framework */ = {isa = PBXFileReference; lastKnownFileType = wrapper.framework; name = AddressBook.framework; path = System/Library/Frameworks/AddressBook.framework; sourceTree = SDKROOT; };
		16289B641A745F8700DF5847 /* AddressBookUI.framework */ = {isa = PBXFileReference; lastKnownFileType = wrapper.framework; name = AddressBookUI.framework; path = System/Library/Frameworks/AddressBookUI.framework; sourceTree = SDKROOT; };
		4767BCE0CA619072E63D3BD3 /* libPods.a */ = {isa = PBXFileReference; explicitFileType = archive.ar; includeInIndex = 0; path = libPods.a; sourceTree = BUILT_PRODUCTS_DIR; };
		9FCF838426DB7D30D8631581 /* Pods.release.xcconfig */ = {isa = PBXFileReference; includeInIndex = 1; lastKnownFileType = text.xcconfig; name = Pods.release.xcconfig; path = "Pods/Target Support Files/Pods/Pods.release.xcconfig"; sourceTree = "<group>"; };
		A7A1B6526BFE2190156FDF74 /* Pods.debug.xcconfig */ = {isa = PBXFileReference; includeInIndex = 1; lastKnownFileType = text.xcconfig; name = Pods.debug.xcconfig; path = "Pods/Target Support Files/Pods/Pods.debug.xcconfig"; sourceTree = "<group>"; };
		EB1003071A748AFC00361A75 /* Common.h */ = {isa = PBXFileReference; fileEncoding = 4; lastKnownFileType = sourcecode.c.h; path = Common.h; sourceTree = "<group>"; };
		EB1003081A748AFC00361A75 /* Common.m */ = {isa = PBXFileReference; fileEncoding = 4; lastKnownFileType = sourcecode.c.objc; path = Common.m; sourceTree = "<group>"; };
		EB10030A1A74962D00361A75 /* MainViewController.h */ = {isa = PBXFileReference; fileEncoding = 4; lastKnownFileType = sourcecode.c.h; name = MainViewController.h; path = views/MainViewController.h; sourceTree = "<group>"; };
		EB10030B1A74962D00361A75 /* MainViewController.m */ = {isa = PBXFileReference; fileEncoding = 4; lastKnownFileType = sourcecode.c.objc; name = MainViewController.m; path = views/MainViewController.m; sourceTree = "<group>"; };
		EB10030E1A74AAD400361A75 /* UILabel+WhiteUIDatePickerLabels.h */ = {isa = PBXFileReference; fileEncoding = 4; lastKnownFileType = sourcecode.c.h; path = "UILabel+WhiteUIDatePickerLabels.h"; sourceTree = "<group>"; };
		EB10030F1A74AAD400361A75 /* UILabel+WhiteUIDatePickerLabels.m */ = {isa = PBXFileReference; fileEncoding = 4; lastKnownFileType = sourcecode.c.objc; path = "UILabel+WhiteUIDatePickerLabels.m"; sourceTree = "<group>"; };
		EB1003111A74C48F00361A75 /* TripViewController.h */ = {isa = PBXFileReference; fileEncoding = 4; lastKnownFileType = sourcecode.c.h; name = TripViewController.h; path = views/TripViewController.h; sourceTree = "<group>"; };
		EB1003121A74C48F00361A75 /* TripViewController.m */ = {isa = PBXFileReference; fileEncoding = 4; lastKnownFileType = sourcecode.c.objc; name = TripViewController.m; path = views/TripViewController.m; sourceTree = "<group>"; };
		EB1067EB1A74467B00BA4E5B /* Transponder.app */ = {isa = PBXFileReference; explicitFileType = wrapper.application; includeInIndex = 0; path = Transponder.app; sourceTree = BUILT_PRODUCTS_DIR; };
		EB1067EF1A74467B00BA4E5B /* Info.plist */ = {isa = PBXFileReference; lastKnownFileType = text.plist.xml; path = Info.plist; sourceTree = "<group>"; };
		EB1067F01A74467B00BA4E5B /* main.m */ = {isa = PBXFileReference; lastKnownFileType = sourcecode.c.objc; path = main.m; sourceTree = "<group>"; };
		EB1067F21A74467B00BA4E5B /* AppDelegate.h */ = {isa = PBXFileReference; lastKnownFileType = sourcecode.c.h; path = AppDelegate.h; sourceTree = "<group>"; };
		EB1067F31A74467B00BA4E5B /* AppDelegate.m */ = {isa = PBXFileReference; lastKnownFileType = sourcecode.c.objc; path = AppDelegate.m; sourceTree = "<group>"; };
		EB1067F91A74467B00BA4E5B /* Base */ = {isa = PBXFileReference; lastKnownFileType = file.storyboard; name = Base; path = Base.lproj/Main.storyboard; sourceTree = "<group>"; };
		EB1067FB1A74467B00BA4E5B /* Images.xcassets */ = {isa = PBXFileReference; lastKnownFileType = folder.assetcatalog; path = Images.xcassets; sourceTree = "<group>"; };
		EB1067FE1A74467B00BA4E5B /* Base */ = {isa = PBXFileReference; lastKnownFileType = file.xib; name = Base; path = Base.lproj/LaunchScreen.xib; sourceTree = "<group>"; };
		EB1068041A74467B00BA4E5B /* TransponderTests.xctest */ = {isa = PBXFileReference; explicitFileType = wrapper.cfbundle; includeInIndex = 0; path = TransponderTests.xctest; sourceTree = BUILT_PRODUCTS_DIR; };
		EB1068091A74467B00BA4E5B /* Info.plist */ = {isa = PBXFileReference; lastKnownFileType = text.plist.xml; path = Info.plist; sourceTree = "<group>"; };
		EB10680A1A74467B00BA4E5B /* TransponderTests.m */ = {isa = PBXFileReference; lastKnownFileType = sourcecode.c.objc; path = TransponderTests.m; sourceTree = "<group>"; };
		EB7343ED1A7511CA00C99B2C /* LoadingViewController.h */ = {isa = PBXFileReference; fileEncoding = 4; lastKnownFileType = sourcecode.c.h; name = LoadingViewController.h; path = views/LoadingViewController.h; sourceTree = "<group>"; };
		EB7343EE1A7511CA00C99B2C /* LoadingViewController.m */ = {isa = PBXFileReference; fileEncoding = 4; lastKnownFileType = sourcecode.c.objc; name = LoadingViewController.m; path = views/LoadingViewController.m; sourceTree = "<group>"; };
		EBF071741A74506400BE70E5 /* PhoneViewController.h */ = {isa = PBXFileReference; fileEncoding = 4; lastKnownFileType = sourcecode.c.h; name = PhoneViewController.h; path = views/PhoneViewController.h; sourceTree = "<group>"; };
		EBF071751A74506400BE70E5 /* PhoneViewController.m */ = {isa = PBXFileReference; fileEncoding = 4; lastKnownFileType = sourcecode.c.objc; name = PhoneViewController.m; path = views/PhoneViewController.m; sourceTree = "<group>"; };
		EBF071771A74755700BE70E5 /* DoneViewController.h */ = {isa = PBXFileReference; fileEncoding = 4; lastKnownFileType = sourcecode.c.h; name = DoneViewController.h; path = views/DoneViewController.h; sourceTree = "<group>"; };
		EBF071781A74755700BE70E5 /* DoneViewController.m */ = {isa = PBXFileReference; fileEncoding = 4; lastKnownFileType = sourcecode.c.objc; name = DoneViewController.m; path = views/DoneViewController.m; sourceTree = "<group>"; };
		EBF0717D1A747BE200BE70E5 /* ContactsViewController.h */ = {isa = PBXFileReference; fileEncoding = 4; lastKnownFileType = sourcecode.c.h; name = ContactsViewController.h; path = views/ContactsViewController.h; sourceTree = "<group>"; };
		EBF0717E1A747BE200BE70E5 /* ContactsViewController.m */ = {isa = PBXFileReference; fileEncoding = 4; lastKnownFileType = sourcecode.c.objc; name = ContactsViewController.m; path = views/ContactsViewController.m; sourceTree = "<group>"; };
/* End PBXFileReference section */

/* Begin PBXFrameworksBuildPhase section */
		EB1067E81A74467B00BA4E5B /* Frameworks */ = {
			isa = PBXFrameworksBuildPhase;
			buildActionMask = 2147483647;
			files = (
				16289B651A745F8700DF5847 /* AddressBookUI.framework in Frameworks */,
				16289B631A745F8000DF5847 /* AddressBook.framework in Frameworks */,
				2B7014D544CC6EA20B97EB9B /* libPods.a in Frameworks */,
			);
			runOnlyForDeploymentPostprocessing = 0;
		};
		EB1068011A74467B00BA4E5B /* Frameworks */ = {
			isa = PBXFrameworksBuildPhase;
			buildActionMask = 2147483647;
			files = (
			);
			runOnlyForDeploymentPostprocessing = 0;
		};
/* End PBXFrameworksBuildPhase section */

/* Begin PBXGroup section */
		1EED504199DAE0B605C480B4 /* Frameworks */ = {
			isa = PBXGroup;
			children = (
				16289B641A745F8700DF5847 /* AddressBookUI.framework */,
				16289B621A745F8000DF5847 /* AddressBook.framework */,
				4767BCE0CA619072E63D3BD3 /* libPods.a */,
			);
			name = Frameworks;
			sourceTree = "<group>";
		};
		DF797242F981A415E734D2D6 /* Pods */ = {
			isa = PBXGroup;
			children = (
				A7A1B6526BFE2190156FDF74 /* Pods.debug.xcconfig */,
				9FCF838426DB7D30D8631581 /* Pods.release.xcconfig */,
			);
			name = Pods;
			sourceTree = "<group>";
		};
		EB10030D1A74AABE00361A75 /* util */ = {
			isa = PBXGroup;
			children = (
				EB10030E1A74AAD400361A75 /* UILabel+WhiteUIDatePickerLabels.h */,
				EB10030F1A74AAD400361A75 /* UILabel+WhiteUIDatePickerLabels.m */,
			);
			path = util;
			sourceTree = "<group>";
		};
		EB1067E21A74467B00BA4E5B = {
			isa = PBXGroup;
			children = (
				EB1067ED1A74467B00BA4E5B /* Transponder */,
				EB1068071A74467B00BA4E5B /* TransponderTests */,
				EB1067EC1A74467B00BA4E5B /* Products */,
				DF797242F981A415E734D2D6 /* Pods */,
				1EED504199DAE0B605C480B4 /* Frameworks */,
			);
			sourceTree = "<group>";
		};
		EB1067EC1A74467B00BA4E5B /* Products */ = {
			isa = PBXGroup;
			children = (
				EB1067EB1A74467B00BA4E5B /* Transponder.app */,
				EB1068041A74467B00BA4E5B /* TransponderTests.xctest */,
			);
			name = Products;
			sourceTree = "<group>";
		};
		EB1067ED1A74467B00BA4E5B /* Transponder */ = {
			isa = PBXGroup;
			children = (
				EB10030D1A74AABE00361A75 /* util */,
				EB1067F21A74467B00BA4E5B /* AppDelegate.h */,
				EB1067F31A74467B00BA4E5B /* AppDelegate.m */,
				EB1067F81A74467B00BA4E5B /* Main.storyboard */,
				EB1067FB1A74467B00BA4E5B /* Images.xcassets */,
				EB1067FD1A74467B00BA4E5B /* LaunchScreen.xib */,
				EB1067EE1A74467B00BA4E5B /* Supporting Files */,
				EBF0717D1A747BE200BE70E5 /* ContactsViewController.h */,
				EBF0717E1A747BE200BE70E5 /* ContactsViewController.m */,
				EBF071771A74755700BE70E5 /* DoneViewController.h */,
				EBF071781A74755700BE70E5 /* DoneViewController.m */,
				EBF071741A74506400BE70E5 /* PhoneViewController.h */,
				EBF071751A74506400BE70E5 /* PhoneViewController.m */,
				EB1003071A748AFC00361A75 /* Common.h */,
				EB1003081A748AFC00361A75 /* Common.m */,
				EB10030A1A74962D00361A75 /* MainViewController.h */,
				EB10030B1A74962D00361A75 /* MainViewController.m */,
				EB1003111A74C48F00361A75 /* TripViewController.h */,
				EB1003121A74C48F00361A75 /* TripViewController.m */,
				EB7343ED1A7511CA00C99B2C /* LoadingViewController.h */,
				EB7343EE1A7511CA00C99B2C /* LoadingViewController.m */,
			);
			path = Transponder;
			sourceTree = "<group>";
		};
		EB1067EE1A74467B00BA4E5B /* Supporting Files */ = {
			isa = PBXGroup;
			children = (
				EB1067EF1A74467B00BA4E5B /* Info.plist */,
				EB1067F01A74467B00BA4E5B /* main.m */,
			);
			name = "Supporting Files";
			sourceTree = "<group>";
		};
		EB1068071A74467B00BA4E5B /* TransponderTests */ = {
			isa = PBXGroup;
			children = (
				EB10680A1A74467B00BA4E5B /* TransponderTests.m */,
				EB1068081A74467B00BA4E5B /* Supporting Files */,
			);
			path = TransponderTests;
			sourceTree = "<group>";
		};
		EB1068081A74467B00BA4E5B /* Supporting Files */ = {
			isa = PBXGroup;
			children = (
				EB1068091A74467B00BA4E5B /* Info.plist */,
			);
			name = "Supporting Files";
			sourceTree = "<group>";
		};
/* End PBXGroup section */

/* Begin PBXNativeTarget section */
		EB1067EA1A74467B00BA4E5B /* Transponder */ = {
			isa = PBXNativeTarget;
			buildConfigurationList = EB10680E1A74467B00BA4E5B /* Build configuration list for PBXNativeTarget "Transponder" */;
			buildPhases = (
				1FAFE9E4C9609BA50D12F034 /* Check Pods Manifest.lock */,
				EB1067E71A74467B00BA4E5B /* Sources */,
				EB1067E81A74467B00BA4E5B /* Frameworks */,
				EB1067E91A74467B00BA4E5B /* Resources */,
				362F33F5CC92BBC6E76929AF /* Copy Pods Resources */,
			);
			buildRules = (
			);
			dependencies = (
			);
			name = Transponder;
			productName = Transponder;
			productReference = EB1067EB1A74467B00BA4E5B /* Transponder.app */;
			productType = "com.apple.product-type.application";
		};
		EB1068031A74467B00BA4E5B /* TransponderTests */ = {
			isa = PBXNativeTarget;
			buildConfigurationList = EB1068111A74467B00BA4E5B /* Build configuration list for PBXNativeTarget "TransponderTests" */;
			buildPhases = (
				EB1068001A74467B00BA4E5B /* Sources */,
				EB1068011A74467B00BA4E5B /* Frameworks */,
				EB1068021A74467B00BA4E5B /* Resources */,
			);
			buildRules = (
			);
			dependencies = (
				EB1068061A74467B00BA4E5B /* PBXTargetDependency */,
			);
			name = TransponderTests;
			productName = TransponderTests;
			productReference = EB1068041A74467B00BA4E5B /* TransponderTests.xctest */;
			productType = "com.apple.product-type.bundle.unit-test";
		};
/* End PBXNativeTarget section */

/* Begin PBXProject section */
		EB1067E31A74467B00BA4E5B /* Project object */ = {
			isa = PBXProject;
			attributes = {
				LastUpgradeCheck = 0610;
				ORGANIZATIONNAME = "Jack Cook";
				TargetAttributes = {
					EB1067EA1A74467B00BA4E5B = {
						CreatedOnToolsVersion = 6.1.1;
						DevelopmentTeam = JDJKS788L2;
					};
					EB1068031A74467B00BA4E5B = {
						CreatedOnToolsVersion = 6.1.1;
						TestTargetID = EB1067EA1A74467B00BA4E5B;
					};
				};
			};
			buildConfigurationList = EB1067E61A74467B00BA4E5B /* Build configuration list for PBXProject "Transponder" */;
			compatibilityVersion = "Xcode 3.2";
			developmentRegion = English;
			hasScannedForEncodings = 0;
			knownRegions = (
				en,
				Base,
			);
			mainGroup = EB1067E21A74467B00BA4E5B;
			productRefGroup = EB1067EC1A74467B00BA4E5B /* Products */;
			projectDirPath = "";
			projectRoot = "";
			targets = (
				EB1067EA1A74467B00BA4E5B /* Transponder */,
				EB1068031A74467B00BA4E5B /* TransponderTests */,
			);
		};
/* End PBXProject section */

/* Begin PBXResourcesBuildPhase section */
		EB1067E91A74467B00BA4E5B /* Resources */ = {
			isa = PBXResourcesBuildPhase;
			buildActionMask = 2147483647;
			files = (
				EB1067FA1A74467B00BA4E5B /* Main.storyboard in Resources */,
				EB1067FF1A74467B00BA4E5B /* LaunchScreen.xib in Resources */,
				EB1067FC1A74467B00BA4E5B /* Images.xcassets in Resources */,
			);
			runOnlyForDeploymentPostprocessing = 0;
		};
		EB1068021A74467B00BA4E5B /* Resources */ = {
			isa = PBXResourcesBuildPhase;
			buildActionMask = 2147483647;
			files = (
			);
			runOnlyForDeploymentPostprocessing = 0;
		};
/* End PBXResourcesBuildPhase section */

/* Begin PBXShellScriptBuildPhase section */
		1FAFE9E4C9609BA50D12F034 /* Check Pods Manifest.lock */ = {
			isa = PBXShellScriptBuildPhase;
			buildActionMask = 2147483647;
			files = (
			);
			inputPaths = (
			);
			name = "Check Pods Manifest.lock";
			outputPaths = (
			);
			runOnlyForDeploymentPostprocessing = 0;
			shellPath = /bin/sh;
			shellScript = "diff \"${PODS_ROOT}/../Podfile.lock\" \"${PODS_ROOT}/Manifest.lock\" > /dev/null\nif [[ $? != 0 ]] ; then\n    cat << EOM\nerror: The sandbox is not in sync with the Podfile.lock. Run 'pod install' or update your CocoaPods installation.\nEOM\n    exit 1\nfi\n";
			showEnvVarsInLog = 0;
		};
		362F33F5CC92BBC6E76929AF /* Copy Pods Resources */ = {
			isa = PBXShellScriptBuildPhase;
			buildActionMask = 2147483647;
			files = (
			);
			inputPaths = (
			);
			name = "Copy Pods Resources";
			outputPaths = (
			);
			runOnlyForDeploymentPostprocessing = 0;
			shellPath = /bin/sh;
			shellScript = "\"${SRCROOT}/Pods/Target Support Files/Pods/Pods-resources.sh\"\n";
			showEnvVarsInLog = 0;
		};
/* End PBXShellScriptBuildPhase section */

/* Begin PBXSourcesBuildPhase section */
		EB1067E71A74467B00BA4E5B /* Sources */ = {
			isa = PBXSourcesBuildPhase;
			buildActionMask = 2147483647;
			files = (
				EB1003131A74C48F00361A75 /* TripViewController.m in Sources */,
				EB1003091A748AFC00361A75 /* Common.m in Sources */,
				EBF071791A74755700BE70E5 /* DoneViewController.m in Sources */,
				EB1003101A74AAD400361A75 /* UILabel+WhiteUIDatePickerLabels.m in Sources */,
				EBF0717F1A747BE200BE70E5 /* ContactsViewController.m in Sources */,
				EBF071761A74506400BE70E5 /* PhoneViewController.m in Sources */,
				EB10030C1A74962D00361A75 /* MainViewController.m in Sources */,
				EB7343EF1A7511CA00C99B2C /* LoadingViewController.m in Sources */,
				EB1067F41A74467B00BA4E5B /* AppDelegate.m in Sources */,
				EB1067F11A74467B00BA4E5B /* main.m in Sources */,
			);
			runOnlyForDeploymentPostprocessing = 0;
		};
		EB1068001A74467B00BA4E5B /* Sources */ = {
			isa = PBXSourcesBuildPhase;
			buildActionMask = 2147483647;
			files = (
				EB10680B1A74467B00BA4E5B /* TransponderTests.m in Sources */,
			);
			runOnlyForDeploymentPostprocessing = 0;
		};
/* End PBXSourcesBuildPhase section */

/* Begin PBXTargetDependency section */
		EB1068061A74467B00BA4E5B /* PBXTargetDependency */ = {
			isa = PBXTargetDependency;
			target = EB1067EA1A74467B00BA4E5B /* Transponder */;
			targetProxy = EB1068051A74467B00BA4E5B /* PBXContainerItemProxy */;
		};
/* End PBXTargetDependency section */

/* Begin PBXVariantGroup section */
		EB1067F81A74467B00BA4E5B /* Main.storyboard */ = {
			isa = PBXVariantGroup;
			children = (
				EB1067F91A74467B00BA4E5B /* Base */,
			);
			name = Main.storyboard;
			sourceTree = "<group>";
		};
		EB1067FD1A74467B00BA4E5B /* LaunchScreen.xib */ = {
			isa = PBXVariantGroup;
			children = (
				EB1067FE1A74467B00BA4E5B /* Base */,
			);
			name = LaunchScreen.xib;
			sourceTree = "<group>";
		};
/* End PBXVariantGroup section */

/* Begin XCBuildConfiguration section */
		EB10680C1A74467B00BA4E5B /* Debug */ = {
			isa = XCBuildConfiguration;
			buildSettings = {
				ALWAYS_SEARCH_USER_PATHS = NO;
				CLANG_CXX_LANGUAGE_STANDARD = "gnu++0x";
				CLANG_CXX_LIBRARY = "libc++";
				CLANG_ENABLE_MODULES = YES;
				CLANG_ENABLE_OBJC_ARC = YES;
				CLANG_WARN_BOOL_CONVERSION = YES;
				CLANG_WARN_CONSTANT_CONVERSION = YES;
				CLANG_WARN_DIRECT_OBJC_ISA_USAGE = YES_ERROR;
				CLANG_WARN_EMPTY_BODY = YES;
				CLANG_WARN_ENUM_CONVERSION = YES;
				CLANG_WARN_INT_CONVERSION = YES;
				CLANG_WARN_OBJC_ROOT_CLASS = YES_ERROR;
				CLANG_WARN_UNREACHABLE_CODE = YES;
				CLANG_WARN__DUPLICATE_METHOD_MATCH = YES;
				"CODE_SIGN_IDENTITY[sdk=iphoneos*]" = "iPhone Developer";
				COPY_PHASE_STRIP = NO;
				ENABLE_STRICT_OBJC_MSGSEND = YES;
				GCC_C_LANGUAGE_STANDARD = gnu99;
				GCC_DYNAMIC_NO_PIC = NO;
				GCC_OPTIMIZATION_LEVEL = 0;
				GCC_PREPROCESSOR_DEFINITIONS = (
					"DEBUG=1",
					"$(inherited)",
				);
				GCC_SYMBOLS_PRIVATE_EXTERN = NO;
				GCC_WARN_64_TO_32_BIT_CONVERSION = YES;
				GCC_WARN_ABOUT_RETURN_TYPE = YES_ERROR;
				GCC_WARN_UNDECLARED_SELECTOR = YES;
				GCC_WARN_UNINITIALIZED_AUTOS = YES_AGGRESSIVE;
				GCC_WARN_UNUSED_FUNCTION = YES;
				GCC_WARN_UNUSED_VARIABLE = YES;
				IPHONEOS_DEPLOYMENT_TARGET = 8.1;
				MTL_ENABLE_DEBUG_INFO = YES;
				ONLY_ACTIVE_ARCH = YES;
				SDKROOT = iphoneos;
			};
			name = Debug;
		};
		EB10680D1A74467B00BA4E5B /* Release */ = {
			isa = XCBuildConfiguration;
			buildSettings = {
				ALWAYS_SEARCH_USER_PATHS = NO;
				CLANG_CXX_LANGUAGE_STANDARD = "gnu++0x";
				CLANG_CXX_LIBRARY = "libc++";
				CLANG_ENABLE_MODULES = YES;
				CLANG_ENABLE_OBJC_ARC = YES;
				CLANG_WARN_BOOL_CONVERSION = YES;
				CLANG_WARN_CONSTANT_CONVERSION = YES;
				CLANG_WARN_DIRECT_OBJC_ISA_USAGE = YES_ERROR;
				CLANG_WARN_EMPTY_BODY = YES;
				CLANG_WARN_ENUM_CONVERSION = YES;
				CLANG_WARN_INT_CONVERSION = YES;
				CLANG_WARN_OBJC_ROOT_CLASS = YES_ERROR;
				CLANG_WARN_UNREACHABLE_CODE = YES;
				CLANG_WARN__DUPLICATE_METHOD_MATCH = YES;
				"CODE_SIGN_IDENTITY[sdk=iphoneos*]" = "iPhone Developer";
				COPY_PHASE_STRIP = YES;
				ENABLE_NS_ASSERTIONS = NO;
				ENABLE_STRICT_OBJC_MSGSEND = YES;
				GCC_C_LANGUAGE_STANDARD = gnu99;
				GCC_WARN_64_TO_32_BIT_CONVERSION = YES;
				GCC_WARN_ABOUT_RETURN_TYPE = YES_ERROR;
				GCC_WARN_UNDECLARED_SELECTOR = YES;
				GCC_WARN_UNINITIALIZED_AUTOS = YES_AGGRESSIVE;
				GCC_WARN_UNUSED_FUNCTION = YES;
				GCC_WARN_UNUSED_VARIABLE = YES;
				IPHONEOS_DEPLOYMENT_TARGET = 8.1;
				MTL_ENABLE_DEBUG_INFO = NO;
				SDKROOT = iphoneos;
				VALIDATE_PRODUCT = YES;
			};
			name = Release;
		};
		EB10680F1A74467B00BA4E5B /* Debug */ = {
			isa = XCBuildConfiguration;
			baseConfigurationReference = A7A1B6526BFE2190156FDF74 /* Pods.debug.xcconfig */;
			buildSettings = {
				ASSETCATALOG_COMPILER_APPICON_NAME = AppIcon;
				CODE_SIGN_IDENTITY = "iPhone Developer";
				INFOPLIST_FILE = Transponder/Info.plist;
				LD_RUNPATH_SEARCH_PATHS = "$(inherited) @executable_path/Frameworks";
				PRODUCT_NAME = "$(TARGET_NAME)";
			};
			name = Debug;
		};
		EB1068101A74467B00BA4E5B /* Release */ = {
			isa = XCBuildConfiguration;
			baseConfigurationReference = 9FCF838426DB7D30D8631581 /* Pods.release.xcconfig */;
			buildSettings = {
				ASSETCATALOG_COMPILER_APPICON_NAME = AppIcon;
				CODE_SIGN_IDENTITY = "iPhone Developer";
				INFOPLIST_FILE = Transponder/Info.plist;
				LD_RUNPATH_SEARCH_PATHS = "$(inherited) @executable_path/Frameworks";
				PRODUCT_NAME = "$(TARGET_NAME)";
			};
			name = Release;
		};
		EB1068121A74467B00BA4E5B /* Debug */ = {
			isa = XCBuildConfiguration;
			buildSettings = {
				BUNDLE_LOADER = "$(TEST_HOST)";
				FRAMEWORK_SEARCH_PATHS = (
					"$(SDKROOT)/Developer/Library/Frameworks",
					"$(inherited)",
				);
				GCC_PREPROCESSOR_DEFINITIONS = (
					"DEBUG=1",
					"$(inherited)",
				);
				INFOPLIST_FILE = TransponderTests/Info.plist;
				LD_RUNPATH_SEARCH_PATHS = "$(inherited) @executable_path/Frameworks @loader_path/Frameworks";
				PRODUCT_NAME = "$(TARGET_NAME)";
				TEST_HOST = "$(BUILT_PRODUCTS_DIR)/Transponder.app/Transponder";
			};
			name = Debug;
		};
		EB1068131A74467B00BA4E5B /* Release */ = {
			isa = XCBuildConfiguration;
			buildSettings = {
				BUNDLE_LOADER = "$(TEST_HOST)";
				FRAMEWORK_SEARCH_PATHS = (
					"$(SDKROOT)/Developer/Library/Frameworks",
					"$(inherited)",
				);
				INFOPLIST_FILE = TransponderTests/Info.plist;
				LD_RUNPATH_SEARCH_PATHS = "$(inherited) @executable_path/Frameworks @loader_path/Frameworks";
				PRODUCT_NAME = "$(TARGET_NAME)";
				TEST_HOST = "$(BUILT_PRODUCTS_DIR)/Transponder.app/Transponder";
			};
			name = Release;
		};
/* End XCBuildConfiguration section */

/* Begin XCConfigurationList section */
		EB1067E61A74467B00BA4E5B /* Build configuration list for PBXProject "Transponder" */ = {
			isa = XCConfigurationList;
			buildConfigurations = (
				EB10680C1A74467B00BA4E5B /* Debug */,
				EB10680D1A74467B00BA4E5B /* Release */,
			);
			defaultConfigurationIsVisible = 0;
			defaultConfigurationName = Release;
		};
		EB10680E1A74467B00BA4E5B /* Build configuration list for PBXNativeTarget "Transponder" */ = {
			isa = XCConfigurationList;
			buildConfigurations = (
				EB10680F1A74467B00BA4E5B /* Debug */,
				EB1068101A74467B00BA4E5B /* Release */,
			);
			defaultConfigurationIsVisible = 0;
			defaultConfigurationName = Release;
		};
		EB1068111A74467B00BA4E5B /* Build configuration list for PBXNativeTarget "TransponderTests" */ = {
			isa = XCConfigurationList;
			buildConfigurations = (
				EB1068121A74467B00BA4E5B /* Debug */,
				EB1068131A74467B00BA4E5B /* Release */,
			);
			defaultConfigurationIsVisible = 0;
			defaultConfigurationName = Release;
		};
/* End XCConfigurationList section */
	};
	rootObject = EB1067E31A74467B00BA4E5B /* Project object */;
}
